
Microsoft Visual Studio Solution File, Format Version 12.00
# Visual Studio Version 17
VisualStudioVersion = 17.5.002.0
MinimumVisualStudioVersion = 10.0.40219.1
Project("{2150E333-8FDC-42A3-9474-1A3956D46DE8}") = "code", "code", "{1B016EAE-1B2A-4882-8F7F-8F4D559C3244}"
EndProject
Project("{9A19103F-16F7-4668-BE54-9A1E7A4F7556}") = "dotnetcore", "code\dotnetcore\dotnetcore.csproj", "{8AA7BAAA-4C89-4DD2-8DBA-C0DF1E06B174}"
EndProject
Global
	GlobalSection(SolutionConfigurationPlatforms) = preSolution
		Debug|Any CPU = Debug|Any CPU
		Release|Any CPU = Release|Any CPU
	EndGlobalSection
	GlobalSection(ProjectConfigurationPlatforms) = postSolution
		{8AA7BAAA-4C89-4DD2-8DBA-C0DF1E06B174}.Debug|Any CPU.ActiveCfg = Debug|Any CPU
		{8AA7BAAA-4C89-4DD2-8DBA-C0DF1E06B174}.Debug|Any CPU.Build.0 = Debug|Any CPU
		{8AA7BAAA-4C89-4DD2-8DBA-C0DF1E06B174}.Release|Any CPU.ActiveCfg = Release|Any CPU
		{8AA7BAAA-4C89-4DD2-8DBA-C0DF1E06B174}.Release|Any CPU.Build.0 = Release|Any CPU
	EndGlobalSection
	GlobalSection(SolutionProperties) = preSolution
		HideSolutionNode = FALSE
	EndGlobalSection
	GlobalSection(NestedProjects) = preSolution
		{8AA7BAAA-4C89-4DD2-8DBA-C0DF1E06B174} = {1B016EAE-1B2A-4882-8F7F-8F4D559C3244}
	EndGlobalSection
	GlobalSection(ExtensibilityGlobals) = postSolution
		SolutionGuid = {3BF07C0C-2121-44CC-8D2C-6570C449504E}
	EndGlobalSection
EndGlobal
